Microsoft Visual Studio Solution File, Format Version 11.00
# Visual Studio 2008

Project("{F1DBECD4-F0E4-4FAD-5BEE-FFA2D5E4F648}") = "SurvivalShooterStart_unity5.0", "Assembly-CSharp-vs.csproj", "{ECA1186E-2E6C-913C-B6C2-A3BEA6F11BEE}"
EndProject
Project("{F1DBECD4-F0E4-4FAD-5BEE-FFA2D5E4F648}") = "SurvivalShooterStart_unity5.0", "Assembly-CSharp-Editor-vs.csproj", "{29593DC5-4C49-A553-E9D9-2B38FFB19318}"
EndProject
Global
	GlobalSection(SolutionConfigurationPlatforms) = preSolution
		Debug|Any CPU = Debug|Any CPU
		Release|Any CPU = Release|Any CPU
	EndGlobalSection
	GlobalSection(ProjectConfigurationPlatforms) = postSolution
		{ECA1186E-2E6C-913C-B6C2-A3BEA6F11BEE}.Debug|Any CPU.ActiveCfg = Debug|Any CPU
		{ECA1186E-2E6C-913C-B6C2-A3BEA6F11BEE}.Debug|Any CPU.Build.0 = Debug|Any CPU
		{ECA1186E-2E6C-913C-B6C2-A3BEA6F11BEE}.Release|Any CPU.ActiveCfg = Release|Any CPU
		{ECA1186E-2E6C-913C-B6C2-A3BEA6F11BEE}.Release|Any CPU.Build.0 = Release|Any CPU
		{29593DC5-4C49-A553-E9D9-2B38FFB19318}.Debug|Any CPU.ActiveCfg = Debug|Any CPU
		{29593DC5-4C49-A553-E9D9-2B38FFB19318}.Debug|Any CPU.Build.0 = Debug|Any CPU
		{29593DC5-4C49-A553-E9D9-2B38FFB19318}.Release|Any CPU.ActiveCfg = Release|Any CPU
		{29593DC5-4C49-A553-E9D9-2B38FFB19318}.Release|Any CPU.Build.0 = Release|Any CPU
	EndGlobalSection
	GlobalSection(SolutionProperties) = preSolution
		HideSolutionNode = FALSE
	EndGlobalSection
		GlobalSection(MonoDevelopProperties) = preSolution
		StartupItem = Assembly-CSharp.csproj
		Policies = $0
		$0.TextStylePolicy = $1
		$1.inheritsSet = null
		$1.scope = text/x-csharp
		$0.CSharpFormattingPolicy = $2
		$2.inheritsSet = Mono
		$2.inheritsScope = text/x-csharp
		$2.scope = text/x-csharp
		$0.TextStylePolicy = $3
		$3.FileWidth = 120
		$3.TabWidth = 4
		$3.IndentWidth = 4
		$3.EolMarker = Unix
		$3.inheritsSet = Mono
		$3.inheritsScope = text/plain
		$3.scope = text/plain
	EndGlobalSection

EndGlobal
